// !$*UTF8*$!
{
	archiveVersion = 1;
	classes = {
	};
	objectVersion = 56;
	objects = {

/* Begin PBXBuildFile section */
		34BC4AF129F7D3DD005F56B4 /* SWIFTUI_SubwayWhen_StudyApp.swift in Sources */ = {isa = PBXBuildFile; fileRef = 34BC4AF029F7D3DD005F56B4 /* SWIFTUI_SubwayWhen_StudyApp.swift */; };
		34BC4AF529F7D3E1005F56B4 /* Assets.xcassets in Resources */ = {isa = PBXBuildFile; fileRef = 34BC4AF429F7D3E1005F56B4 /* Assets.xcassets */; };
		34BC4AF829F7D3E1005F56B4 /* Preview Assets.xcassets in Resources */ = {isa = PBXBuildFile; fileRef = 34BC4AF729F7D3E1005F56B4 /* Preview Assets.xcassets */; };
		34BC4AFF29F7D418005F56B4 /* MainViewModel.swift in Sources */ = {isa = PBXBuildFile; fileRef = 34BC4AFE29F7D418005F56B4 /* MainViewModel.swift */; };
		34BC4B0129F7D44C005F56B4 /* MainData.swift in Sources */ = {isa = PBXBuildFile; fileRef = 34BC4B0029F7D44C005F56B4 /* MainData.swift */; };
		34BC4B0329F7D466005F56B4 /* MainHeaderData.swift in Sources */ = {isa = PBXBuildFile; fileRef = 34BC4B0229F7D465005F56B4 /* MainHeaderData.swift */; };
		34BC4B0529F7D4C2005F56B4 /* MainArrivalData.swift in Sources */ = {isa = PBXBuildFile; fileRef = 34BC4B0429F7D4C2005F56B4 /* MainArrivalData.swift */; };
		34BC4B0729F7D547005F56B4 /* MainModel.swift in Sources */ = {isa = PBXBuildFile; fileRef = 34BC4B0629F7D547005F56B4 /* MainModel.swift */; };
		34BC4B0D29F7DCD5005F56B4 /* MainView.swift in Sources */ = {isa = PBXBuildFile; fileRef = 34BC4B0C29F7DCD5005F56B4 /* MainView.swift */; };
		34BC4B0F29F7DCED005F56B4 /* HeaderView.swift in Sources */ = {isa = PBXBuildFile; fileRef = 34BC4B0E29F7DCED005F56B4 /* HeaderView.swift */; };
		34BC4B1129F7E2CA005F56B4 /* HeaderQuickMenuView.swift in Sources */ = {isa = PBXBuildFile; fileRef = 34BC4B1029F7E2CA005F56B4 /* HeaderQuickMenuView.swift */; };
		34BC4B1429F7E3AC005F56B4 /* HeaderCongestionView.swift in Sources */ = {isa = PBXBuildFile; fileRef = 34BC4B1329F7E3AC005F56B4 /* HeaderCongestionView.swift */; };
		34BC4B1629F7E9A5005F56B4 /* ContentView.swift in Sources */ = {isa = PBXBuildFile; fileRef = 34BC4B1529F7E9A5005F56B4 /* ContentView.swift */; };
		34BC4B1829F92457005F56B4 /* GroupView.swift in Sources */ = {isa = PBXBuildFile; fileRef = 34BC4B1729F92457005F56B4 /* GroupView.swift */; };
		34BC4B1A29F92674005F56B4 /* GroupViewButton.swift in Sources */ = {isa = PBXBuildFile; fileRef = 34BC4B1929F92674005F56B4 /* GroupViewButton.swift */; };
/* End PBXBuildFile section */

/* Begin PBXFileReference section */
		34BC4AED29F7D3DD005F56B4 /* SWIFTUI_SubwayWhen_Study.app */ = {isa = PBXFileReference; explicitFileType = wrapper.application; includeInIndex = 0; path = SWIFTUI_SubwayWhen_Study.app; sourceTree = BUILT_PRODUCTS_DIR; };
		34BC4AF029F7D3DD005F56B4 /* SWIFTUI_SubwayWhen_StudyApp.swift */ = {isa = PBXFileReference; lastKnownFileType = sourcecode.swift; path = SWIFTUI_SubwayWhen_StudyApp.swift; sourceTree = "<group>"; };
		34BC4AF429F7D3E1005F56B4 /* Assets.xcassets */ = {isa = PBXFileReference; lastKnownFileType = folder.assetcatalog; path = Assets.xcassets; sourceTree = "<group>"; };
		34BC4AF729F7D3E1005F56B4 /* Preview Assets.xcassets */ = {isa = PBXFileReference; lastKnownFileType = folder.assetcatalog; path = "Preview Assets.xcassets"; sourceTree = "<group>"; };
		34BC4AFE29F7D418005F56B4 /* MainViewModel.swift */ = {isa = PBXFileReference; lastKnownFileType = sourcecode.swift; path = MainViewModel.swift; sourceTree = "<group>"; };
		34BC4B0029F7D44C005F56B4 /* MainData.swift */ = {isa = PBXFileReference; lastKnownFileType = sourcecode.swift; path = MainData.swift; sourceTree = "<group>"; };
		34BC4B0229F7D465005F56B4 /* MainHeaderData.swift */ = {isa = PBXFileReference; lastKnownFileType = sourcecode.swift; path = MainHeaderData.swift; sourceTree = "<group>"; };
		34BC4B0429F7D4C2005F56B4 /* MainArrivalData.swift */ = {isa = PBXFileReference; lastKnownFileType = sourcecode.swift; path = MainArrivalData.swift; sourceTree = "<group>"; };
		34BC4B0629F7D547005F56B4 /* MainModel.swift */ = {isa = PBXFileReference; lastKnownFileType = sourcecode.swift; path = MainModel.swift; sourceTree = "<group>"; };
		34BC4B0C29F7DCD5005F56B4 /* MainView.swift */ = {isa = PBXFileReference; lastKnownFileType = sourcecode.swift; path = MainView.swift; sourceTree = "<group>"; };
		34BC4B0E29F7DCED005F56B4 /* HeaderView.swift */ = {isa = PBXFileReference; lastKnownFileType = sourcecode.swift; path = HeaderView.swift; sourceTree = "<group>"; };
		34BC4B1029F7E2CA005F56B4 /* HeaderQuickMenuView.swift */ = {isa = PBXFileReference; lastKnownFileType = sourcecode.swift; path = HeaderQuickMenuView.swift; sourceTree = "<group>"; };
		34BC4B1329F7E3AC005F56B4 /* HeaderCongestionView.swift */ = {isa = PBXFileReference; lastKnownFileType = sourcecode.swift; path = HeaderCongestionView.swift; sourceTree = "<group>"; };
		34BC4B1529F7E9A5005F56B4 /* ContentView.swift */ = {isa = PBXFileReference; fileEncoding = 4; lastKnownFileType = sourcecode.swift; path = ContentView.swift; sourceTree = "<group>"; };
		34BC4B1729F92457005F56B4 /* GroupView.swift */ = {isa = PBXFileReference; lastKnownFileType = sourcecode.swift; path = GroupView.swift; sourceTree = "<group>"; };
		34BC4B1929F92674005F56B4 /* GroupViewButton.swift */ = {isa = PBXFileReference; lastKnownFileType = sourcecode.swift; path = GroupViewButton.swift; sourceTree = "<group>"; };
/* End PBXFileReference section */

/* Begin PBXFrameworksBuildPhase section */
		34BC4AEA29F7D3DD005F56B4 /* Frameworks */ = {
			isa = PBXFrameworksBuildPhase;
			buildActionMask = 2147483647;
			files = (
			);
			runOnlyForDeploymentPostprocessing = 0;
		};
/* End PBXFrameworksBuildPhase section */

/* Begin PBXGroup section */
		34BC4AE429F7D3DD005F56B4 = {
			isa = PBXGroup;
			children = (
				34BC4AEF29F7D3DD005F56B4 /* SWIFTUI_SubwayWhen_Study */,
				34BC4AEE29F7D3DD005F56B4 /* Products */,
			);
			sourceTree = "<group>";
		};
		34BC4AEE29F7D3DD005F56B4 /* Products */ = {
			isa = PBXGroup;
			children = (
				34BC4AED29F7D3DD005F56B4 /* SWIFTUI_SubwayWhen_Study.app */,
			);
			name = Products;
			sourceTree = "<group>";
		};
		34BC4AEF29F7D3DD005F56B4 /* SWIFTUI_SubwayWhen_Study */ = {
			isa = PBXGroup;
			children = (
				34BC4AF029F7D3DD005F56B4 /* SWIFTUI_SubwayWhen_StudyApp.swift */,
				34BC4B1529F7E9A5005F56B4 /* ContentView.swift */,
				34BC4AF429F7D3E1005F56B4 /* Assets.xcassets */,
				34BC4B0829F7D98C005F56B4 /* Main */,
				34BC4AF629F7D3E1005F56B4 /* Preview Content */,
			);
			path = SWIFTUI_SubwayWhen_Study;
			sourceTree = "<group>";
		};
		34BC4AF629F7D3E1005F56B4 /* Preview Content */ = {
			isa = PBXGroup;
			children = (
				34BC4AF729F7D3E1005F56B4 /* Preview Assets.xcassets */,
			);
			path = "Preview Content";
			sourceTree = "<group>";
		};
		34BC4B0829F7D98C005F56B4 /* Main */ = {
			isa = PBXGroup;
			children = (
				34BC4B0C29F7DCD5005F56B4 /* MainView.swift */,
				34BC4AFE29F7D418005F56B4 /* MainViewModel.swift */,
				34BC4B0629F7D547005F56B4 /* MainModel.swift */,
				34BC4B1B29FA8C1D005F56B4 /* GroupView */,
				34BC4B1229F7E391005F56B4 /* HeaderView */,
				34BC4B0929F7DA4B005F56B4 /* Entity */,
			);
			path = Main;
			sourceTree = "<group>";
		};
		34BC4B0929F7DA4B005F56B4 /* Entity */ = {
			isa = PBXGroup;
			children = (
				34BC4B0029F7D44C005F56B4 /* MainData.swift */,
				34BC4B0429F7D4C2005F56B4 /* MainArrivalData.swift */,
				34BC4B0229F7D465005F56B4 /* MainHeaderData.swift */,
			);
			path = Entity;
			sourceTree = "<group>";
		};
		34BC4B1229F7E391005F56B4 /* HeaderView */ = {
			isa = PBXGroup;
			children = (
				34BC4B0E29F7DCED005F56B4 /* HeaderView.swift */,
				34BC4B1329F7E3AC005F56B4 /* HeaderCongestionView.swift */,
				34BC4B1029F7E2CA005F56B4 /* HeaderQuickMenuView.swift */,
			);
			path = HeaderView;
			sourceTree = "<group>";
		};
		34BC4B1B29FA8C1D005F56B4 /* GroupView */ = {
			isa = PBXGroup;
			children = (
				34BC4B1729F92457005F56B4 /* GroupView.swift */,
				34BC4B1929F92674005F56B4 /* GroupViewButton.swift */,
			);
			path = GroupView;
			sourceTree = "<group>";
		};
/* End PBXGroup section */

/* Begin PBXNativeTarget section */
		34BC4AEC29F7D3DD005F56B4 /* SWIFTUI_SubwayWhen_Study */ = {
			isa = PBXNativeTarget;
			buildConfigurationList = 34BC4AFB29F7D3E1005F56B4 /* Build configuration list for PBXNativeTarget "SWIFTUI_SubwayWhen_Study" */;
			buildPhases = (
				34BC4AE929F7D3DD005F56B4 /* Sources */,
				34BC4AEA29F7D3DD005F56B4 /* Frameworks */,
				34BC4AEB29F7D3DD005F56B4 /* Resources */,
			);
			buildRules = (
			);
			dependencies = (
			);
			name = SWIFTUI_SubwayWhen_Study;
			productName = SWIFTUI_SubwayWhen_Study;
			productReference = 34BC4AED29F7D3DD005F56B4 /* SWIFTUI_SubwayWhen_Study.app */;
			productType = "com.apple.product-type.application";
		};
/* End PBXNativeTarget section */

/* Begin PBXProject section */
		34BC4AE529F7D3DD005F56B4 /* Project object */ = {
			isa = PBXProject;
			attributes = {
				BuildIndependentTargetsInParallel = 1;
				LastSwiftUpdateCheck = 1420;
				LastUpgradeCheck = 1420;
				TargetAttributes = {
					34BC4AEC29F7D3DD005F56B4 = {
						CreatedOnToolsVersion = 14.2;
					};
				};
			};
			buildConfigurationList = 34BC4AE829F7D3DD005F56B4 /* Build configuration list for PBXProject "SWIFTUI_SubwayWhen_Study" */;
			compatibilityVersion = "Xcode 14.0";
			developmentRegion = en;
			hasScannedForEncodings = 0;
			knownRegions = (
				en,
				Base,
			);
			mainGroup = 34BC4AE429F7D3DD005F56B4;
			productRefGroup = 34BC4AEE29F7D3DD005F56B4 /* Products */;
			projectDirPath = "";
			projectRoot = "";
			targets = (
				34BC4AEC29F7D3DD005F56B4 /* SWIFTUI_SubwayWhen_Study */,
			);
		};
/* End PBXProject section */

/* Begin PBXResourcesBuildPhase section */
		34BC4AEB29F7D3DD005F56B4 /* Resources */ = {
			isa = PBXResourcesBuildPhase;
			buildActionMask = 2147483647;
			files = (
				34BC4AF829F7D3E1005F56B4 /* Preview Assets.xcassets in Resources */,
				34BC4AF529F7D3E1005F56B4 /* Assets.xcassets in Resources */,
			);
			runOnlyForDeploymentPostprocessing = 0;
		};
/* End PBXResourcesBuildPhase section */

/* Begin PBXSourcesBuildPhase section */
		34BC4AE929F7D3DD005F56B4 /* Sources */ = {
			isa = PBXSourcesBuildPhase;
			buildActionMask = 2147483647;
			files = (
				34BC4B0129F7D44C005F56B4 /* MainData.swift in Sources */,
				34BC4B1A29F92674005F56B4 /* GroupViewButton.swift in Sources */,
				34BC4B1629F7E9A5005F56B4 /* ContentView.swift in Sources */,
				34BC4B1829F92457005F56B4 /* GroupView.swift in Sources */,
				34BC4B0F29F7DCED005F56B4 /* HeaderView.swift in Sources */,
				34BC4B0D29F7DCD5005F56B4 /* MainView.swift in Sources */,
				34BC4B1429F7E3AC005F56B4 /* HeaderCongestionView.swift in Sources */,
				34BC4B1129F7E2CA005F56B4 /* HeaderQuickMenuView.swift in Sources */,
				34BC4AF129F7D3DD005F56B4 /* SWIFTUI_SubwayWhen_StudyApp.swift in Sources */,
				34BC4B0729F7D547005F56B4 /* MainModel.swift in Sources */,
				34BC4B0329F7D466005F56B4 /* MainHeaderData.swift in Sources */,
				34BC4B0529F7D4C2005F56B4 /* MainArrivalData.swift in Sources */,
				34BC4AFF29F7D418005F56B4 /* MainViewModel.swift in Sources */,
			);
			runOnlyForDeploymentPostprocessing = 0;
		};
/* End PBXSourcesBuildPhase section */

/* Begin XCBuildConfiguration section */
		34BC4AF929F7D3E1005F56B4 /* Debug */ = {
			isa = XCBuildConfiguration;
			buildSettings = {
				ALWAYS_SEARCH_USER_PATHS = NO;
				CLANG_ANALYZER_NONNULL = YES;
				CLANG_ANALYZER_NUMBER_OBJECT_CONVERSION = YES_AGGRESSIVE;
				CLANG_CXX_LANGUAGE_STANDARD = "gnu++20";
				CLANG_ENABLE_MODULES = YES;
				CLANG_ENABLE_OBJC_ARC = YES;
				CLANG_ENABLE_OBJC_WEAK = YES;
				CLANG_WARN_BLOCK_CAPTURE_AUTORELEASING = YES;
				CLANG_WARN_BOOL_CONVERSION = YES;
				CLANG_WARN_COMMA = YES;
				CLANG_WARN_CONSTANT_CONVERSION = YES;
				CLANG_WARN_DEPRECATED_OBJC_IMPLEMENTATIONS = YES;
				CLANG_WARN_DIRECT_OBJC_ISA_USAGE = YES_ERROR;
				CLANG_WARN_DOCUMENTATION_COMMENTS = YES;
				CLANG_WARN_EMPTY_BODY = YES;
				CLANG_WARN_ENUM_CONVERSION = YES;
				CLANG_WARN_INFINITE_RECURSION = YES;
				CLANG_WARN_INT_CONVERSION = YES;
				CLANG_WARN_NON_LITERAL_NULL_CONVERSION = YES;
				CLANG_WARN_OBJC_IMPLICIT_RETAIN_SELF = YES;
				CLANG_WARN_OBJC_LITERAL_CONVERSION = YES;
				CLANG_WARN_OBJC_ROOT_CLASS = YES_ERROR;
				CLANG_WARN_QUOTED_INCLUDE_IN_FRAMEWORK_HEADER = YES;
				CLANG_WARN_RANGE_LOOP_ANALYSIS = YES;
				CLANG_WARN_STRICT_PROTOTYPES = YES;
				CLANG_WARN_SUSPICIOUS_MOVE = YES;
				CLANG_WARN_UNGUARDED_AVAILABILITY = YES_AGGRESSIVE;
				CLANG_WARN_UNREACHABLE_CODE = YES;
				CLANG_WARN__DUPLICATE_METHOD_MATCH = YES;
				COPY_PHASE_STRIP = NO;
				DEBUG_INFORMATION_FORMAT = dwarf;
				ENABLE_STRICT_OBJC_MSGSEND = YES;
				ENABLE_TESTABILITY = YES;
				GCC_C_LANGUAGE_STANDARD = gnu11;
				GCC_DYNAMIC_NO_PIC = NO;
				GCC_NO_COMMON_BLOCKS = YES;
				GCC_OPTIMIZATION_LEVEL = 0;
				GCC_PREPROCESSOR_DEFINITIONS = (
					"DEBUG=1",
					"$(inherited)",
				);
				GCC_WARN_64_TO_32_BIT_CONVERSION = YES;
				GCC_WARN_ABOUT_RETURN_TYPE = YES_ERROR;
				GCC_WARN_UNDECLARED_SELECTOR = YES;
				GCC_WARN_UNINITIALIZED_AUTOS = YES_AGGRESSIVE;
				GCC_WARN_UNUSED_FUNCTION = YES;
				GCC_WARN_UNUSED_VARIABLE = YES;
				IPHONEOS_DEPLOYMENT_TARGET = 16.2;
				MTL_ENABLE_DEBUG_INFO = INCLUDE_SOURCE;
				MTL_FAST_MATH = YES;
				ONLY_ACTIVE_ARCH = YES;
				SDKROOT = iphoneos;
				SWIFT_ACTIVE_COMPILATION_CONDITIONS = DEBUG;
				SWIFT_OPTIMIZATION_LEVEL = "-Onone";
			};
			name = Debug;
		};
		34BC4AFA29F7D3E1005F56B4 /* Release */ = {
			isa = XCBuildConfiguration;
			buildSettings = {
				ALWAYS_SEARCH_USER_PATHS = NO;
				CLANG_ANALYZER_NONNULL = YES;
				CLANG_ANALYZER_NUMBER_OBJECT_CONVERSION = YES_AGGRESSIVE;
				CLANG_CXX_LANGUAGE_STANDARD = "gnu++20";
				CLANG_ENABLE_MODULES = YES;
				CLANG_ENABLE_OBJC_ARC = YES;
				CLANG_ENABLE_OBJC_WEAK = YES;
				CLANG_WARN_BLOCK_CAPTURE_AUTORELEASING = YES;
				CLANG_WARN_BOOL_CONVERSION = YES;
				CLANG_WARN_COMMA = YES;
				CLANG_WARN_CONSTANT_CONVERSION = YES;
				CLANG_WARN_DEPRECATED_OBJC_IMPLEMENTATIONS = YES;
				CLANG_WARN_DIRECT_OBJC_ISA_USAGE = YES_ERROR;
				CLANG_WARN_DOCUMENTATION_COMMENTS = YES;
				CLANG_WARN_EMPTY_BODY = YES;
				CLANG_WARN_ENUM_CONVERSION = YES;
				CLANG_WARN_INFINITE_RECURSION = YES;
				CLANG_WARN_INT_CONVERSION = YES;
				CLANG_WARN_NON_LITERAL_NULL_CONVERSION = YES;
				CLANG_WARN_OBJC_IMPLICIT_RETAIN_SELF = YES;
				CLANG_WARN_OBJC_LITERAL_CONVERSION = YES;
				CLANG_WARN_OBJC_ROOT_CLASS = YES_ERROR;
				CLANG_WARN_QUOTED_INCLUDE_IN_FRAMEWORK_HEADER = YES;
				CLANG_WARN_RANGE_LOOP_ANALYSIS = YES;
				CLANG_WARN_STRICT_PROTOTYPES = YES;
				CLANG_WARN_SUSPICIOUS_MOVE = YES;
				CLANG_WARN_UNGUARDED_AVAILABILITY = YES_AGGRESSIVE;
				CLANG_WARN_UNREACHABLE_CODE = YES;
				CLANG_WARN__DUPLICATE_METHOD_MATCH = YES;
				COPY_PHASE_STRIP = NO;
				DEBUG_INFORMATION_FORMAT = "dwarf-with-dsym";
				ENABLE_NS_ASSERTIONS = NO;
				ENABLE_STRICT_OBJC_MSGSEND = YES;
				GCC_C_LANGUAGE_STANDARD = gnu11;
				GCC_NO_COMMON_BLOCKS = YES;
				GCC_WARN_64_TO_32_BIT_CONVERSION = YES;
				GCC_WARN_ABOUT_RETURN_TYPE = YES_ERROR;
				GCC_WARN_UNDECLARED_SELECTOR = YES;
				GCC_WARN_UNINITIALIZED_AUTOS = YES_AGGRESSIVE;
				GCC_WARN_UNUSED_FUNCTION = YES;
				GCC_WARN_UNUSED_VARIABLE = YES;
				IPHONEOS_DEPLOYMENT_TARGET = 16.2;
				MTL_ENABLE_DEBUG_INFO = NO;
				MTL_FAST_MATH = YES;
				SDKROOT = iphoneos;
				SWIFT_COMPILATION_MODE = wholemodule;
				SWIFT_OPTIMIZATION_LEVEL = "-O";
				VALIDATE_PRODUCT = YES;
			};
			name = Release;
		};
		34BC4AFC29F7D3E1005F56B4 /* Debug */ = {
			isa = XCBuildConfiguration;
			buildSettings = {
				ASSETCATALOG_COMPILER_APPICON_NAME = AppIcon;
				ASSETCATALOG_COMPILER_GLOBAL_ACCENT_COLOR_NAME = AccentColor;
				CODE_SIGN_STYLE = Automatic;
				CURRENT_PROJECT_VERSION = 1;
				DEVELOPMENT_ASSET_PATHS = "\"SWIFTUI_SubwayWhen_Study/Preview Content\"";
				DEVELOPMENT_TEAM = 6V8879W55Z;
				ENABLE_PREVIEWS = YES;
				GENERATE_INFOPLIST_FILE = YES;
				INFOPLIST_KEY_UIApplicationSceneManifest_Generation = YES;
				INFOPLIST_KEY_UIApplicationSupportsIndirectInputEvents = YES;
				INFOPLIST_KEY_UILaunchScreen_Generation = YES;
				INFOPLIST_KEY_UISupportedInterfaceOrientations_iPad = "UIInterfaceOrientationPortrait UIInterfaceOrientationPortraitUpsideDown UIInterfaceOrientationLandscapeLeft UIInterfaceOrientationLandscapeRight";
				INFOPLIST_KEY_UISupportedInterfaceOrientations_iPhone = "UIInterfaceOrientationPortrait UIInterfaceOrientationLandscapeLeft UIInterfaceOrientationLandscapeRight";
				LD_RUNPATH_SEARCH_PATHS = (
					"$(inherited)",
					"@executable_path/Frameworks",
				);
				MARKETING_VERSION = 1.0;
				PRODUCT_BUNDLE_IDENTIFIER = "yslee..SWIFTUI-SubwayWhen-Study";
				PRODUCT_NAME = "$(TARGET_NAME)";
				SWIFT_EMIT_LOC_STRINGS = YES;
				SWIFT_VERSION = 5.0;
				TARGETED_DEVICE_FAMILY = "1,2";
			};
			name = Debug;
		};
		34BC4AFD29F7D3E1005F56B4 /* Release */ = {
			isa = XCBuildConfiguration;
			buildSettings = {
				ASSETCATALOG_COMPILER_APPICON_NAME = AppIcon;
				ASSETCATALOG_COMPILER_GLOBAL_ACCENT_COLOR_NAME = AccentColor;
				CODE_SIGN_STYLE = Automatic;
				CURRENT_PROJECT_VERSION = 1;
				DEVELOPMENT_ASSET_PATHS = "\"SWIFTUI_SubwayWhen_Study/Preview Content\"";
				DEVELOPMENT_TEAM = 6V8879W55Z;
				ENABLE_PREVIEWS = YES;
				GENERATE_INFOPLIST_FILE = YES;
				INFOPLIST_KEY_UIApplicationSceneManifest_Generation = YES;
				INFOPLIST_KEY_UIApplicationSupportsIndirectInputEvents = YES;
				INFOPLIST_KEY_UILaunchScreen_Generation = YES;
				INFOPLIST_KEY_UISupportedInterfaceOrientations_iPad = "UIInterfaceOrientationPortrait UIInterfaceOrientationPortraitUpsideDown UIInterfaceOrientationLandscapeLeft UIInterfaceOrientationLandscapeRight";
				INFOPLIST_KEY_UISupportedInterfaceOrientations_iPhone = "UIInterfaceOrientationPortrait UIInterfaceOrientationLandscapeLeft UIInterfaceOrientationLandscapeRight";
				LD_RUNPATH_SEARCH_PATHS = (
					"$(inherited)",
					"@executable_path/Frameworks",
				);
				MARKETING_VERSION = 1.0;
				PRODUCT_BUNDLE_IDENTIFIER = "yslee..SWIFTUI-SubwayWhen-Study";
				PRODUCT_NAME = "$(TARGET_NAME)";
				SWIFT_EMIT_LOC_STRINGS = YES;
				SWIFT_VERSION = 5.0;
				TARGETED_DEVICE_FAMILY = "1,2";
			};
			name = Release;
		};
/* End XCBuildConfiguration section */

/* Begin XCConfigurationList section */
		34BC4AE829F7D3DD005F56B4 /* Build configuration list for PBXProject "SWIFTUI_SubwayWhen_Study" */ = {
			isa = XCConfigurationList;
			buildConfigurations = (
				34BC4AF929F7D3E1005F56B4 /* Debug */,
				34BC4AFA29F7D3E1005F56B4 /* Release */,
			);
			defaultConfigurationIsVisible = 0;
			defaultConfigurationName = Release;
		};
		34BC4AFB29F7D3E1005F56B4 /* Build configuration list for PBXNativeTarget "SWIFTUI_SubwayWhen_Study" */ = {
			isa = XCConfigurationList;
			buildConfigurations = (
				34BC4AFC29F7D3E1005F56B4 /* Debug */,
				34BC4AFD29F7D3E1005F56B4 /* Release */,
			);
			defaultConfigurationIsVisible = 0;
			defaultConfigurationName = Release;
		};
/* End XCConfigurationList section */
	};
	rootObject = 34BC4AE529F7D3DD005F56B4 /* Project object */;
}
